
Microsoft Visual Studio Solution File, Format Version 12.00
# Visual Studio Version 17
VisualStudioVersion = 17.5.33530.505
MinimumVisualStudioVersion = 10.0.40219.1
Project("{FAE04EC0-301F-11D3-BF4B-00C04F79EFBC}") = "WS.Android", "WS\WS.Android\WS.Android.csproj", "{505EB2DD-C209-4744-A650-7AFF477A1918}"
EndProject
Project("{FAE04EC0-301F-11D3-BF4B-00C04F79EFBC}") = "WS", "WS\WS\WS.csproj", "{720D2877-5FAD-4ADB-B8D1-ADD706735AD3}"
EndProject
Global
	GlobalSection(SolutionConfigurationPlatforms) = preSolution
		Debug|Any CPU = Debug|Any CPU
		Release|Any CPU = Release|Any CPU
	EndGlobalSection
	GlobalSection(ProjectConfigurationPlatforms) = postSolution
		{505EB2DD-C209-4744-A650-7AFF477A1918}.Debug|Any CPU.ActiveCfg = Debug|Any CPU
		{505EB2DD-C209-4744-A650-7AFF477A1918}.Debug|Any CPU.Build.0 = Debug|Any CPU
		{505EB2DD-C209-4744-A650-7AFF477A1918}.Debug|Any CPU.Deploy.0 = Debug|Any CPU
		{505EB2DD-C209-4744-A650-7AFF477A1918}.Release|Any CPU.ActiveCfg = Release|Any CPU
		{505EB2DD-C209-4744-A650-7AFF477A1918}.Release|Any CPU.Build.0 = Release|Any CPU
		{505EB2DD-C209-4744-A650-7AFF477A1918}.Release|Any CPU.Deploy.0 = Release|Any CPU
		{720D2877-5FAD-4ADB-B8D1-ADD706735AD3}.Debug|Any CPU.ActiveCfg = Debug|Any CPU
		{720D2877-5FAD-4ADB-B8D1-ADD706735AD3}.Debug|Any CPU.Build.0 = Debug|Any CPU
		{720D2877-5FAD-4ADB-B8D1-ADD706735AD3}.Debug|Any CPU.Deploy.0 = Debug|Any CPU
		{720D2877-5FAD-4ADB-B8D1-ADD706735AD3}.Release|Any CPU.ActiveCfg = Release|Any CPU
		{720D2877-5FAD-4ADB-B8D1-ADD706735AD3}.Release|Any CPU.Build.0 = Release|Any CPU
		{720D2877-5FAD-4ADB-B8D1-ADD706735AD3}.Release|Any CPU.Deploy.0 = Release|Any CPU
	EndGlobalSection
	GlobalSection(SolutionProperties) = preSolution
		HideSolutionNode = FALSE
	EndGlobalSection
	GlobalSection(ExtensibilityGlobals) = postSolution
		SolutionGuid = {36A87938-7050-457F-8B17-384E2CAE9170}
	EndGlobalSection
EndGlobal
